// !$*UTF8*$!
{
	archiveVersion = 1;
	classes = {
	};
	objectVersion = 51;
	objects = {

/* Begin PBXBuildFile section */
		5E3CABD023E8A76B00A2891E /* AppDelegate.swift in Sources */ = {isa = PBXBuildFile; fileRef = 5E3CABCF23E8A76B00A2891E /* AppDelegate.swift */; };
		5E3CABD223E8A76B00A2891E /* SceneDelegate.swift in Sources */ = {isa = PBXBuildFile; fileRef = 5E3CABD123E8A76B00A2891E /* SceneDelegate.swift */; };
		5E3CABD423E8A76B00A2891E /* ViewController.swift in Sources */ = {isa = PBXBuildFile; fileRef = 5E3CABD323E8A76B00A2891E /* ViewController.swift */; };
		5E3CABD723E8A76B00A2891E /* Main.storyboard in Resources */ = {isa = PBXBuildFile; fileRef = 5E3CABD523E8A76B00A2891E /* Main.storyboard */; };
		5E3CABD923E8A76D00A2891E /* Assets.xcassets in Resources */ = {isa = PBXBuildFile; fileRef = 5E3CABD823E8A76D00A2891E /* Assets.xcassets */; };
		5E3CABDC23E8A76D00A2891E /* LaunchScreen.storyboard in Resources */ = {isa = PBXBuildFile; fileRef = 5E3CABDA23E8A76D00A2891E /* LaunchScreen.storyboard */; };
		E427780524217CA700BD2408 /* ScrollHomeViewController.swift in Sources */ = {isa = PBXBuildFile; fileRef = E427780424217CA700BD2408 /* ScrollHomeViewController.swift */; };
		E42778072423FAAB00BD2408 /* ScrollTaskViewController.swift in Sources */ = {isa = PBXBuildFile; fileRef = E42778062423FAAB00BD2408 /* ScrollTaskViewController.swift */; };
		E42778092429001E00BD2408 /* ScrollHealthViewController.swift in Sources */ = {isa = PBXBuildFile; fileRef = E42778082429001E00BD2408 /* ScrollHealthViewController.swift */; };
		E4277811242D4BE700BD2408 /* AddHealthViewController.swift in Sources */ = {isa = PBXBuildFile; fileRef = E4277810242D4BE700BD2408 /* AddHealthViewController.swift */; };
		E427781324326CCE00BD2408 /* ToDoDetailViewController.swift in Sources */ = {isa = PBXBuildFile; fileRef = E427781224326CCE00BD2408 /* ToDoDetailViewController.swift */; };
		E427781524326CEC00BD2408 /* CompletedDetailViewController.swift in Sources */ = {isa = PBXBuildFile; fileRef = E427781424326CEC00BD2408 /* CompletedDetailViewController.swift */; };
		E427781724326D1500BD2408 /* ShoppingToDoDetailViewController.swift in Sources */ = {isa = PBXBuildFile; fileRef = E427781624326D1500BD2408 /* ShoppingToDoDetailViewController.swift */; };
		E4AB524B23F996AC001DADB1 /* LoginViewController.swift in Sources */ = {isa = PBXBuildFile; fileRef = E4AB524A23F996AC001DADB1 /* LoginViewController.swift */; };
		E4AB524F23F99D38001DADB1 /* TabBarViewController.swift in Sources */ = {isa = PBXBuildFile; fileRef = E4AB524E23F99D38001DADB1 /* TabBarViewController.swift */; };
		E4AB525123FB462C001DADB1 /* AddShoppingTaskViewController.swift in Sources */ = {isa = PBXBuildFile; fileRef = E4AB525023FB462C001DADB1 /* AddShoppingTaskViewController.swift */; };
		E4AB525323FB4F64001DADB1 /* InitialViewController.swift in Sources */ = {isa = PBXBuildFile; fileRef = E4AB525223FB4F64001DADB1 /* InitialViewController.swift */; };
		E4AB525523FB6715001DADB1 /* Fonts in Resources */ = {isa = PBXBuildFile; fileRef = E4AB525423FB6715001DADB1 /* Fonts */; };
		E4AB525F23FDD9C6001DADB1 /* Assistant-Regular.ttf in Resources */ = {isa = PBXBuildFile; fileRef = E4AB525C23FDD9C5001DADB1 /* Assistant-Regular.ttf */; };
		E4AB526023FDD9C6001DADB1 /* Assistant-SemiBold.ttf in Resources */ = {isa = PBXBuildFile; fileRef = E4AB525D23FDD9C5001DADB1 /* Assistant-SemiBold.ttf */; };
		E4AB526123FDD9C6001DADB1 /* Assistant-Bold.ttf in Resources */ = {isa = PBXBuildFile; fileRef = E4AB525E23FDD9C5001DADB1 /* Assistant-Bold.ttf */; };
		E4AB526523FDD9F1001DADB1 /* Marvel-Italic.ttf in Resources */ = {isa = PBXBuildFile; fileRef = E4AB526223FDD9F0001DADB1 /* Marvel-Italic.ttf */; };
		E4AB526623FDD9F1001DADB1 /* Marvel-Regular.ttf in Resources */ = {isa = PBXBuildFile; fileRef = E4AB526323FDD9F1001DADB1 /* Marvel-Regular.ttf */; };
		E4AB526723FDD9F1001DADB1 /* Marvel-Bold.ttf in Resources */ = {isa = PBXBuildFile; fileRef = E4AB526423FDD9F1001DADB1 /* Marvel-Bold.ttf */; };
		E4AB526923FDDF58001DADB1 /* AddCookingTaskViewController.swift in Sources */ = {isa = PBXBuildFile; fileRef = E4AB526823FDDF58001DADB1 /* AddCookingTaskViewController.swift */; };
		E4AB526D23FDF77D001DADB1 /* AddNormalTastViewController.swift in Sources */ = {isa = PBXBuildFile; fileRef = E4AB526C23FDF77D001DADB1 /* AddNormalTastViewController.swift */; };
		E4AB526F23FE05E4001DADB1 /* HealthDetailViewController.swift in Sources */ = {isa = PBXBuildFile; fileRef = E4AB526E23FE05E4001DADB1 /* HealthDetailViewController.swift */; };
		EA175764242BEC3B00B8A8D6 /* DateCollectionViewCell.swift in Sources */ = {isa = PBXBuildFile; fileRef = EA175763242BEC3B00B8A8D6 /* DateCollectionViewCell.swift */; };
		EA175766242BEC7200B8A8D6 /* CalendarVars.swift in Sources */ = {isa = PBXBuildFile; fileRef = EA175765242BEC7200B8A8D6 /* CalendarVars.swift */; };
		EA8FBC0524270A2A00E25F45 /* Pods_Connect_.framework in Frameworks */ = {isa = PBXBuildFile; fileRef = 96EE470013E97EB982ED2521 /* Pods_Connect_.framework */; };
/* End PBXBuildFile section */

/* Begin PBXFileReference section */
		5E3CABCC23E8A76B00A2891E /* Connect+.app */ = {isa = PBXFileReference; explicitFileType = wrapper.application; includeInIndex = 0; path = "Connect+.app"; sourceTree = BUILT_PRODUCTS_DIR; };
		5E3CABCF23E8A76B00A2891E /* AppDelegate.swift */ = {isa = PBXFileReference; lastKnownFileType = sourcecode.swift; path = AppDelegate.swift; sourceTree = "<group>"; };
		5E3CABD123E8A76B00A2891E /* SceneDelegate.swift */ = {isa = PBXFileReference; lastKnownFileType = sourcecode.swift; path = SceneDelegate.swift; sourceTree = "<group>"; };
		5E3CABD323E8A76B00A2891E /* ViewController.swift */ = {isa = PBXFileReference; lastKnownFileType = sourcecode.swift; path = ViewController.swift; sourceTree = "<group>"; };
		5E3CABD623E8A76B00A2891E /* Base */ = {isa = PBXFileReference; lastKnownFileType = file.storyboard; name = Base; path = Base.lproj/Main.storyboard; sourceTree = "<group>"; };
		5E3CABD823E8A76D00A2891E /* Assets.xcassets */ = {isa = PBXFileReference; lastKnownFileType = folder.assetcatalog; path = Assets.xcassets; sourceTree = "<group>"; };
		5E3CABDB23E8A76D00A2891E /* Base */ = {isa = PBXFileReference; lastKnownFileType = file.storyboard; name = Base; path = Base.lproj/LaunchScreen.storyboard; sourceTree = "<group>"; };
		5E3CABDD23E8A76D00A2891E /* Info.plist */ = {isa = PBXFileReference; lastKnownFileType = text.plist.xml; path = Info.plist; sourceTree = "<group>"; };
		96EE470013E97EB982ED2521 /* Pods_Connect_.framework */ = {isa = PBXFileReference; explicitFileType = wrapper.framework; includeInIndex = 0; path = Pods_Connect_.framework; sourceTree = BUILT_PRODUCTS_DIR; };
		A0D083D06D0C379A13C8BBF6 /* Pods-Connect+.release.xcconfig */ = {isa = PBXFileReference; includeInIndex = 1; lastKnownFileType = text.xcconfig; name = "Pods-Connect+.release.xcconfig"; path = "Target Support Files/Pods-Connect+/Pods-Connect+.release.xcconfig"; sourceTree = "<group>"; };
		A8CC47BFE896BFE047D9B561 /* Pods-Connect+.debug.xcconfig */ = {isa = PBXFileReference; includeInIndex = 1; lastKnownFileType = text.xcconfig; name = "Pods-Connect+.debug.xcconfig"; path = "Target Support Files/Pods-Connect+/Pods-Connect+.debug.xcconfig"; sourceTree = "<group>"; };
		E427780424217CA700BD2408 /* ScrollHomeViewController.swift */ = {isa = PBXFileReference; lastKnownFileType = sourcecode.swift; path = ScrollHomeViewController.swift; sourceTree = "<group>"; };
		E42778062423FAAB00BD2408 /* ScrollTaskViewController.swift */ = {isa = PBXFileReference; lastKnownFileType = sourcecode.swift; path = ScrollTaskViewController.swift; sourceTree = "<group>"; };
		E42778082429001E00BD2408 /* ScrollHealthViewController.swift */ = {isa = PBXFileReference; lastKnownFileType = sourcecode.swift; path = ScrollHealthViewController.swift; sourceTree = "<group>"; };
		E4277810242D4BE700BD2408 /* AddHealthViewController.swift */ = {isa = PBXFileReference; lastKnownFileType = sourcecode.swift; path = AddHealthViewController.swift; sourceTree = "<group>"; };
		E427781224326CCE00BD2408 /* ToDoDetailViewController.swift */ = {isa = PBXFileReference; lastKnownFileType = sourcecode.swift; path = ToDoDetailViewController.swift; sourceTree = "<group>"; };
		E427781424326CEC00BD2408 /* CompletedDetailViewController.swift */ = {isa = PBXFileReference; lastKnownFileType = sourcecode.swift; path = CompletedDetailViewController.swift; sourceTree = "<group>"; };
		E427781624326D1500BD2408 /* ShoppingToDoDetailViewController.swift */ = {isa = PBXFileReference; lastKnownFileType = sourcecode.swift; path = ShoppingToDoDetailViewController.swift; sourceTree = "<group>"; };
		E4AB524A23F996AC001DADB1 /* LoginViewController.swift */ = {isa = PBXFileReference; lastKnownFileType = sourcecode.swift; path = LoginViewController.swift; sourceTree = "<group>"; };
		E4AB524E23F99D38001DADB1 /* TabBarViewController.swift */ = {isa = PBXFileReference; lastKnownFileType = sourcecode.swift; path = TabBarViewController.swift; sourceTree = "<group>"; };
		E4AB525023FB462C001DADB1 /* AddShoppingTaskViewController.swift */ = {isa = PBXFileReference; lastKnownFileType = sourcecode.swift; path = AddShoppingTaskViewController.swift; sourceTree = "<group>"; };
		E4AB525223FB4F64001DADB1 /* InitialViewController.swift */ = {isa = PBXFileReference; lastKnownFileType = sourcecode.swift; path = InitialViewController.swift; sourceTree = "<group>"; };
		E4AB525423FB6715001DADB1 /* Fonts */ = {isa = PBXFileReference; lastKnownFileType = folder; path = Fonts; sourceTree = "<group>"; };
		E4AB525623FDD995001DADB1 /* Marvel-Bold.ttf */ = {isa = PBXFileReference; lastKnownFileType = file; path = "Marvel-Bold.ttf"; sourceTree = "<group>"; };
		E4AB525723FDD995001DADB1 /* Marvel-Italic.ttf */ = {isa = PBXFileReference; lastKnownFileType = file; path = "Marvel-Italic.ttf"; sourceTree = "<group>"; };
		E4AB525823FDD996001DADB1 /* Marvel-Regular.ttf */ = {isa = PBXFileReference; lastKnownFileType = file; path = "Marvel-Regular.ttf"; sourceTree = "<group>"; };
		E4AB525C23FDD9C5001DADB1 /* Assistant-Regular.ttf */ = {isa = PBXFileReference; lastKnownFileType = file; name = "Assistant-Regular.ttf"; path = "Connect+/Fonts/Assistant-Regular.ttf"; sourceTree = "<group>"; };
		E4AB525D23FDD9C5001DADB1 /* Assistant-SemiBold.ttf */ = {isa = PBXFileReference; lastKnownFileType = file; name = "Assistant-SemiBold.ttf"; path = "Connect+/Fonts/Assistant-SemiBold.ttf"; sourceTree = "<group>"; };
		E4AB525E23FDD9C5001DADB1 /* Assistant-Bold.ttf */ = {isa = PBXFileReference; lastKnownFileType = file; name = "Assistant-Bold.ttf"; path = "Connect+/Fonts/Assistant-Bold.ttf"; sourceTree = "<group>"; };
		E4AB526223FDD9F0001DADB1 /* Marvel-Italic.ttf */ = {isa = PBXFileReference; lastKnownFileType = file; name = "Marvel-Italic.ttf"; path = "Connect+/Fonts/Marvel-Italic.ttf"; sourceTree = "<group>"; };
		E4AB526323FDD9F1001DADB1 /* Marvel-Regular.ttf */ = {isa = PBXFileReference; lastKnownFileType = file; name = "Marvel-Regular.ttf"; path = "Connect+/Fonts/Marvel-Regular.ttf"; sourceTree = "<group>"; };
		E4AB526423FDD9F1001DADB1 /* Marvel-Bold.ttf */ = {isa = PBXFileReference; lastKnownFileType = file; name = "Marvel-Bold.ttf"; path = "Connect+/Fonts/Marvel-Bold.ttf"; sourceTree = "<group>"; };
		E4AB526823FDDF58001DADB1 /* AddCookingTaskViewController.swift */ = {isa = PBXFileReference; lastKnownFileType = sourcecode.swift; path = AddCookingTaskViewController.swift; sourceTree = "<group>"; };
		E4AB526C23FDF77D001DADB1 /* AddNormalTastViewController.swift */ = {isa = PBXFileReference; lastKnownFileType = sourcecode.swift; path = AddNormalTastViewController.swift; sourceTree = "<group>"; };
		E4AB526E23FE05E4001DADB1 /* HealthDetailViewController.swift */ = {isa = PBXFileReference; lastKnownFileType = sourcecode.swift; path = HealthDetailViewController.swift; sourceTree = "<group>"; };
		EA175763242BEC3B00B8A8D6 /* DateCollectionViewCell.swift */ = {isa = PBXFileReference; lastKnownFileType = sourcecode.swift; path = DateCollectionViewCell.swift; sourceTree = "<group>"; };
		EA175765242BEC7200B8A8D6 /* CalendarVars.swift */ = {isa = PBXFileReference; lastKnownFileType = sourcecode.swift; path = CalendarVars.swift; sourceTree = "<group>"; };
/* End PBXFileReference section */

/* Begin PBXFrameworksBuildPhase section */
		5E3CABC923E8A76B00A2891E /* Frameworks */ = {
			isa = PBXFrameworksBuildPhase;
			buildActionMask = 2147483647;
			files = (
				EA8FBC0524270A2A00E25F45 /* Pods_Connect_.framework in Frameworks */,
			);
			runOnlyForDeploymentPostprocessing = 0;
		};
/* End PBXFrameworksBuildPhase section */

/* Begin PBXGroup section */
		49D58446CA95B2759ABC998C /* Frameworks */ = {
			isa = PBXGroup;
			children = (
				96EE470013E97EB982ED2521 /* Pods_Connect_.framework */,
			);
			name = Frameworks;
			sourceTree = "<group>";
		};
		5E3CABC323E8A76B00A2891E = {
			isa = PBXGroup;
			children = (
				E4AB526423FDD9F1001DADB1 /* Marvel-Bold.ttf */,
				E4AB526223FDD9F0001DADB1 /* Marvel-Italic.ttf */,
				E4AB526323FDD9F1001DADB1 /* Marvel-Regular.ttf */,
				E4AB525E23FDD9C5001DADB1 /* Assistant-Bold.ttf */,
				E4AB525C23FDD9C5001DADB1 /* Assistant-Regular.ttf */,
				E4AB525D23FDD9C5001DADB1 /* Assistant-SemiBold.ttf */,
				E4AB525623FDD995001DADB1 /* Marvel-Bold.ttf */,
				E4AB525723FDD995001DADB1 /* Marvel-Italic.ttf */,
				E4AB525823FDD996001DADB1 /* Marvel-Regular.ttf */,
				5E3CABCE23E8A76B00A2891E /* Connect+ */,
				5E3CABCD23E8A76B00A2891E /* Products */,
				B05E66C378F2C4D4F1C649F5 /* Pods */,
				49D58446CA95B2759ABC998C /* Frameworks */,
			);
			sourceTree = "<group>";
		};
		5E3CABCD23E8A76B00A2891E /* Products */ = {
			isa = PBXGroup;
			children = (
				5E3CABCC23E8A76B00A2891E /* Connect+.app */,
			);
			name = Products;
			sourceTree = "<group>";
		};
		5E3CABCE23E8A76B00A2891E /* Connect+ */ = {
			isa = PBXGroup;
			children = (
				E4AB525423FB6715001DADB1 /* Fonts */,
				5E3CABCF23E8A76B00A2891E /* AppDelegate.swift */,
				EA175763242BEC3B00B8A8D6 /* DateCollectionViewCell.swift */,
				5E3CABD123E8A76B00A2891E /* SceneDelegate.swift */,
				EA175765242BEC7200B8A8D6 /* CalendarVars.swift */,
				E4AB525223FB4F64001DADB1 /* InitialViewController.swift */,
				E4AB524A23F996AC001DADB1 /* LoginViewController.swift */,
				E4AB524E23F99D38001DADB1 /* TabBarViewController.swift */,
				E4AB525023FB462C001DADB1 /* AddShoppingTaskViewController.swift */,
				E4AB526823FDDF58001DADB1 /* AddCookingTaskViewController.swift */,
				E4AB526C23FDF77D001DADB1 /* AddNormalTastViewController.swift */,
				E4277810242D4BE700BD2408 /* AddHealthViewController.swift */,
				E427781224326CCE00BD2408 /* ToDoDetailViewController.swift */,
				E427781624326D1500BD2408 /* ShoppingToDoDetailViewController.swift */,
				E427781424326CEC00BD2408 /* CompletedDetailViewController.swift */,
				E4AB526E23FE05E4001DADB1 /* HealthDetailViewController.swift */,
				5E3CABD323E8A76B00A2891E /* ViewController.swift */,
				5E3CABD523E8A76B00A2891E /* Main.storyboard */,
				5E3CABD823E8A76D00A2891E /* Assets.xcassets */,
				5E3CABDA23E8A76D00A2891E /* LaunchScreen.storyboard */,
				5E3CABDD23E8A76D00A2891E /* Info.plist */,
				E427780424217CA700BD2408 /* ScrollHomeViewController.swift */,
				E42778062423FAAB00BD2408 /* ScrollTaskViewController.swift */,
				E42778082429001E00BD2408 /* ScrollHealthViewController.swift */,
			);
			path = "Connect+";
			sourceTree = "<group>";
		};
		B05E66C378F2C4D4F1C649F5 /* Pods */ = {
			isa = PBXGroup;
			children = (
				A8CC47BFE896BFE047D9B561 /* Pods-Connect+.debug.xcconfig */,
				A0D083D06D0C379A13C8BBF6 /* Pods-Connect+.release.xcconfig */,
			);
			path = Pods;
			sourceTree = "<group>";
		};
/* End PBXGroup section */

/* Begin PBXNativeTarget section */
		5E3CABCB23E8A76B00A2891E /* Connect+ */ = {
			isa = PBXNativeTarget;
			buildConfigurationList = 5E3CABE023E8A76D00A2891E /* Build configuration list for PBXNativeTarget "Connect+" */;
			buildPhases = (
				F2DA3A7E4080DA6690E347F2 /* [CP] Check Pods Manifest.lock */,
				5E3CABC823E8A76B00A2891E /* Sources */,
				5E3CABC923E8A76B00A2891E /* Frameworks */,
				5E3CABCA23E8A76B00A2891E /* Resources */,
				092CF447B3E43430EF6F21F5 /* [CP] Embed Pods Frameworks */,
			);
			buildRules = (
			);
			dependencies = (
			);
			name = "Connect+";
			productName = "Connect+";
			productReference = 5E3CABCC23E8A76B00A2891E /* Connect+.app */;
			productType = "com.apple.product-type.application";
		};
/* End PBXNativeTarget section */

/* Begin PBXProject section */
		5E3CABC423E8A76B00A2891E /* Project object */ = {
			isa = PBXProject;
			attributes = {
				LastSwiftUpdateCheck = 1120;
				LastUpgradeCheck = 1120;
				ORGANIZATIONNAME = "Mia Manavalan";
				TargetAttributes = {
					5E3CABCB23E8A76B00A2891E = {
						CreatedOnToolsVersion = 11.2;
					};
				};
			};
			buildConfigurationList = 5E3CABC723E8A76B00A2891E /* Build configuration list for PBXProject "Connect+" */;
			compatibilityVersion = "Xcode 9.3";
			developmentRegion = en;
			hasScannedForEncodings = 0;
			knownRegions = (
				en,
				Base,
			);
			mainGroup = 5E3CABC323E8A76B00A2891E;
			productRefGroup = 5E3CABCD23E8A76B00A2891E /* Products */;
			projectDirPath = "";
			projectRoot = "";
			targets = (
				5E3CABCB23E8A76B00A2891E /* Connect+ */,
			);
		};
/* End PBXProject section */

/* Begin PBXResourcesBuildPhase section */
		5E3CABCA23E8A76B00A2891E /* Resources */ = {
			isa = PBXResourcesBuildPhase;
			buildActionMask = 2147483647;
			files = (
				E4AB526523FDD9F1001DADB1 /* Marvel-Italic.ttf in Resources */,
				E4AB526623FDD9F1001DADB1 /* Marvel-Regular.ttf in Resources */,
				E4AB526723FDD9F1001DADB1 /* Marvel-Bold.ttf in Resources */,
				E4AB525F23FDD9C6001DADB1 /* Assistant-Regular.ttf in Resources */,
				E4AB526023FDD9C6001DADB1 /* Assistant-SemiBold.ttf in Resources */,
				E4AB526123FDD9C6001DADB1 /* Assistant-Bold.ttf in Resources */,
				E4AB525523FB6715001DADB1 /* Fonts in Resources */,
				5E3CABDC23E8A76D00A2891E /* LaunchScreen.storyboard in Resources */,
				5E3CABD923E8A76D00A2891E /* Assets.xcassets in Resources */,
				5E3CABD723E8A76B00A2891E /* Main.storyboard in Resources */,
			);
			runOnlyForDeploymentPostprocessing = 0;
		};
/* End PBXResourcesBuildPhase section */

/* Begin PBXShellScriptBuildPhase section */
		092CF447B3E43430EF6F21F5 /* [CP] Embed Pods Frameworks */ = {
			isa = PBXShellScriptBuildPhase;
			buildActionMask = 2147483647;
			files = (
			);
			inputFileListPaths = (
				"${PODS_ROOT}/Target Support Files/Pods-Connect+/Pods-Connect+-frameworks-${CONFIGURATION}-input-files.xcfilelist",
			);
			name = "[CP] Embed Pods Frameworks";
			outputFileListPaths = (
				"${PODS_ROOT}/Target Support Files/Pods-Connect+/Pods-Connect+-frameworks-${CONFIGURATION}-output-files.xcfilelist",
			);
			runOnlyForDeploymentPostprocessing = 0;
			shellPath = /bin/sh;
			shellScript = "\"${PODS_ROOT}/Target Support Files/Pods-Connect+/Pods-Connect+-frameworks.sh\"\n";
			showEnvVarsInLog = 0;
		};
		F2DA3A7E4080DA6690E347F2 /* [CP] Check Pods Manifest.lock */ = {
			isa = PBXShellScriptBuildPhase;
			buildActionMask = 2147483647;
			files = (
			);
			inputFileListPaths = (
			);
			inputPaths = (
				"${PODS_PODFILE_DIR_PATH}/Podfile.lock",
				"${PODS_ROOT}/Manifest.lock",
			);
			name = "[CP] Check Pods Manifest.lock";
			outputFileListPaths = (
			);
			outputPaths = (
				"$(DERIVED_FILE_DIR)/Pods-Connect+-checkManifestLockResult.txt",
			);
			runOnlyForDeploymentPostprocessing = 0;
			shellPath = /bin/sh;
			shellScript = "diff \"${PODS_PODFILE_DIR_PATH}/Podfile.lock\" \"${PODS_ROOT}/Manifest.lock\" > /dev/null\nif [ $? != 0 ] ; then\n    # print error to STDERR\n    echo \"error: The sandbox is not in sync with the Podfile.lock. Run 'pod install' or update your CocoaPods installation.\" >&2\n    exit 1\nfi\n# This output is used by Xcode 'outputs' to avoid re-running this script phase.\necho \"SUCCESS\" > \"${SCRIPT_OUTPUT_FILE_0}\"\n";
			showEnvVarsInLog = 0;
		};
/* End PBXShellScriptBuildPhase section */

/* Begin PBXSourcesBuildPhase section */
		5E3CABC823E8A76B00A2891E /* Sources */ = {
			isa = PBXSourcesBuildPhase;
			buildActionMask = 2147483647;
			files = (
				E4AB524B23F996AC001DADB1 /* LoginViewController.swift in Sources */,
				E4AB526D23FDF77D001DADB1 /* AddNormalTastViewController.swift in Sources */,
				E4AB526923FDDF58001DADB1 /* AddCookingTaskViewController.swift in Sources */,
				5E3CABD423E8A76B00A2891E /* ViewController.swift in Sources */,
				EA175764242BEC3B00B8A8D6 /* DateCollectionViewCell.swift in Sources */,
				5E3CABD023E8A76B00A2891E /* AppDelegate.swift in Sources */,
				E427781724326D1500BD2408 /* ShoppingToDoDetailViewController.swift in Sources */,
				E4277811242D4BE700BD2408 /* AddHealthViewController.swift in Sources */,
				5E3CABD223E8A76B00A2891E /* SceneDelegate.swift in Sources */,
				E4AB524F23F99D38001DADB1 /* TabBarViewController.swift in Sources */,
				E42778072423FAAB00BD2408 /* ScrollTaskViewController.swift in Sources */,
				E427780524217CA700BD2408 /* ScrollHomeViewController.swift in Sources */,
				E4AB525123FB462C001DADB1 /* AddShoppingTaskViewController.swift in Sources */,
				E4AB526F23FE05E4001DADB1 /* HealthDetailViewController.swift in Sources */,
				EA175766242BEC7200B8A8D6 /* CalendarVars.swift in Sources */,
				E42778092429001E00BD2408 /* ScrollHealthViewController.swift in Sources */,
				E427781524326CEC00BD2408 /* CompletedDetailViewController.swift in Sources */,
				E427781324326CCE00BD2408 /* ToDoDetailViewController.swift in Sources */,
				E4AB525323FB4F64001DADB1 /* InitialViewController.swift in Sources */,
			);
			runOnlyForDeploymentPostprocessing = 0;
		};
/* End PBXSourcesBuildPhase section */

/* Begin PBXVariantGroup section */
		5E3CABD523E8A76B00A2891E /* Main.storyboard */ = {
			isa = PBXVariantGroup;
			children = (
				5E3CABD623E8A76B00A2891E /* Base */,
			);
			name = Main.storyboard;
			sourceTree = "<group>";
		};
		5E3CABDA23E8A76D00A2891E /* LaunchScreen.storyboard */ = {
			isa = PBXVariantGroup;
			children = (
				5E3CABDB23E8A76D00A2891E /* Base */,
			);
			name = LaunchScreen.storyboard;
			sourceTree = "<group>";
		};
/* End PBXVariantGroup section */

/* Begin XCBuildConfiguration section */
		5E3CABDE23E8A76D00A2891E /* Debug */ = {
			isa = XCBuildConfiguration;
			buildSettings = {
				ALWAYS_SEARCH_USER_PATHS = NO;
				CLANG_ANALYZER_NONNULL = YES;
				CLANG_ANALYZER_NUMBER_OBJECT_CONVERSION = YES_AGGRESSIVE;
				CLANG_CXX_LANGUAGE_STANDARD = "gnu++14";
				CLANG_CXX_LIBRARY = "libc++";
				CLANG_ENABLE_MODULES = YES;
				CLANG_ENABLE_OBJC_ARC = YES;
				CLANG_ENABLE_OBJC_WEAK = YES;
				CLANG_WARN_BLOCK_CAPTURE_AUTORELEASING = YES;
				CLANG_WARN_BOOL_CONVERSION = YES;
				CLANG_WARN_COMMA = YES;
				CLANG_WARN_CONSTANT_CONVERSION = YES;
				CLANG_WARN_DEPRECATED_OBJC_IMPLEMENTATIONS = YES;
				CLANG_WARN_DIRECT_OBJC_ISA_USAGE = YES_ERROR;
				CLANG_WARN_DOCUMENTATION_COMMENTS = YES;
				CLANG_WARN_EMPTY_BODY = YES;
				CLANG_WARN_ENUM_CONVERSION = YES;
				CLANG_WARN_INFINITE_RECURSION = YES;
				CLANG_WARN_INT_CONVERSION = YES;
				CLANG_WARN_NON_LITERAL_NULL_CONVERSION = YES;
				CLANG_WARN_OBJC_IMPLICIT_RETAIN_SELF = YES;
				CLANG_WARN_OBJC_LITERAL_CONVERSION = YES;
				CLANG_WARN_OBJC_ROOT_CLASS = YES_ERROR;
				CLANG_WARN_RANGE_LOOP_ANALYSIS = YES;
				CLANG_WARN_STRICT_PROTOTYPES = YES;
				CLANG_WARN_SUSPICIOUS_MOVE = YES;
				CLANG_WARN_UNGUARDED_AVAILABILITY = YES_AGGRESSIVE;
				CLANG_WARN_UNREACHABLE_CODE = YES;
				CLANG_WARN__DUPLICATE_METHOD_MATCH = YES;
				COPY_PHASE_STRIP = NO;
				DEBUG_INFORMATION_FORMAT = dwarf;
				ENABLE_STRICT_OBJC_MSGSEND = YES;
				ENABLE_TESTABILITY = YES;
				GCC_C_LANGUAGE_STANDARD = gnu11;
				GCC_DYNAMIC_NO_PIC = NO;
				GCC_NO_COMMON_BLOCKS = YES;
				GCC_OPTIMIZATION_LEVEL = 0;
				GCC_PREPROCESSOR_DEFINITIONS = (
					"DEBUG=1",
					"$(inherited)",
				);
				GCC_WARN_64_TO_32_BIT_CONVERSION = YES;
				GCC_WARN_ABOUT_RETURN_TYPE = YES_ERROR;
				GCC_WARN_UNDECLARED_SELECTOR = YES;
				GCC_WARN_UNINITIALIZED_AUTOS = YES_AGGRESSIVE;
				GCC_WARN_UNUSED_FUNCTION = YES;
				GCC_WARN_UNUSED_VARIABLE = YES;
				IPHONEOS_DEPLOYMENT_TARGET = 13.2;
				MTL_ENABLE_DEBUG_INFO = INCLUDE_SOURCE;
				MTL_FAST_MATH = YES;
				ONLY_ACTIVE_ARCH = YES;
				SDKROOT = iphoneos;
				SWIFT_ACTIVE_COMPILATION_CONDITIONS = DEBUG;
				SWIFT_OPTIMIZATION_LEVEL = "-Onone";
			};
			name = Debug;
		};
		5E3CABDF23E8A76D00A2891E /* Release */ = {
			isa = XCBuildConfiguration;
			buildSettings = {
				ALWAYS_SEARCH_USER_PATHS = NO;
				CLANG_ANALYZER_NONNULL = YES;
				CLANG_ANALYZER_NUMBER_OBJECT_CONVERSION = YES_AGGRESSIVE;
				CLANG_CXX_LANGUAGE_STANDARD = "gnu++14";
				CLANG_CXX_LIBRARY = "libc++";
				CLANG_ENABLE_MODULES = YES;
				CLANG_ENABLE_OBJC_ARC = YES;
				CLANG_ENABLE_OBJC_WEAK = YES;
				CLANG_WARN_BLOCK_CAPTURE_AUTORELEASING = YES;
				CLANG_WARN_BOOL_CONVERSION = YES;
				CLANG_WARN_COMMA = YES;
				CLANG_WARN_CONSTANT_CONVERSION = YES;
				CLANG_WARN_DEPRECATED_OBJC_IMPLEMENTATIONS = YES;
				CLANG_WARN_DIRECT_OBJC_ISA_USAGE = YES_ERROR;
				CLANG_WARN_DOCUMENTATION_COMMENTS = YES;
				CLANG_WARN_EMPTY_BODY = YES;
				CLANG_WARN_ENUM_CONVERSION = YES;
				CLANG_WARN_INFINITE_RECURSION = YES;
				CLANG_WARN_INT_CONVERSION = YES;
				CLANG_WARN_NON_LITERAL_NULL_CONVERSION = YES;
				CLANG_WARN_OBJC_IMPLICIT_RETAIN_SELF = YES;
				CLANG_WARN_OBJC_LITERAL_CONVERSION = YES;
				CLANG_WARN_OBJC_ROOT_CLASS = YES_ERROR;
				CLANG_WARN_RANGE_LOOP_ANALYSIS = YES;
				CLANG_WARN_STRICT_PROTOTYPES = YES;
				CLANG_WARN_SUSPICIOUS_MOVE = YES;
				CLANG_WARN_UNGUARDED_AVAILABILITY = YES_AGGRESSIVE;
				CLANG_WARN_UNREACHABLE_CODE = YES;
				CLANG_WARN__DUPLICATE_METHOD_MATCH = YES;
				COPY_PHASE_STRIP = NO;
				DEBUG_INFORMATION_FORMAT = "dwarf-with-dsym";
				ENABLE_NS_ASSERTIONS = NO;
				ENABLE_STRICT_OBJC_MSGSEND = YES;
				GCC_C_LANGUAGE_STANDARD = gnu11;
				GCC_NO_COMMON_BLOCKS = YES;
				GCC_WARN_64_TO_32_BIT_CONVERSION = YES;
				GCC_WARN_ABOUT_RETURN_TYPE = YES_ERROR;
				GCC_WARN_UNDECLARED_SELECTOR = YES;
				GCC_WARN_UNINITIALIZED_AUTOS = YES_AGGRESSIVE;
				GCC_WARN_UNUSED_FUNCTION = YES;
				GCC_WARN_UNUSED_VARIABLE = YES;
				IPHONEOS_DEPLOYMENT_TARGET = 13.2;
				MTL_ENABLE_DEBUG_INFO = NO;
				MTL_FAST_MATH = YES;
				SDKROOT = iphoneos;
				SWIFT_COMPILATION_MODE = wholemodule;
				SWIFT_OPTIMIZATION_LEVEL = "-O";
				VALIDATE_PRODUCT = YES;
			};
			name = Release;
		};
		5E3CABE123E8A76D00A2891E /* Debug */ = {
			isa = XCBuildConfiguration;
			baseConfigurationReference = A8CC47BFE896BFE047D9B561 /* Pods-Connect+.debug.xcconfig */;
			buildSettings = {
				ASSETCATALOG_COMPILER_APPICON_NAME = AppIcon;
				CODE_SIGN_STYLE = Automatic;
				DEVELOPMENT_TEAM = 66C2TC78C7;
				INFOPLIST_FILE = "Connect+/Info.plist";
				LD_RUNPATH_SEARCH_PATHS = (
					"$(inherited)",
					"@executable_path/Frameworks",
				);
				PRODUCT_BUNDLE_IDENTIFIER = "Mia-Manavalan.Connect-";
				PRODUCT_NAME = "$(TARGET_NAME)";
				SWIFT_VERSION = 5.0;
				TARGETED_DEVICE_FAMILY = "1,2";
			};
			name = Debug;
		};
		5E3CABE223E8A76D00A2891E /* Release */ = {
			isa = XCBuildConfiguration;
			baseConfigurationReference = A0D083D06D0C379A13C8BBF6 /* Pods-Connect+.release.xcconfig */;
			buildSettings = {
				ASSETCATALOG_COMPILER_APPICON_NAME = AppIcon;
				CODE_SIGN_STYLE = Automatic;
				DEVELOPMENT_TEAM = 66C2TC78C7;
				INFOPLIST_FILE = "Connect+/Info.plist";
				LD_RUNPATH_SEARCH_PATHS = (
					"$(inherited)",
					"@executable_path/Frameworks",
				);
				PRODUCT_BUNDLE_IDENTIFIER = "Mia-Manavalan.Connect-";
				PRODUCT_NAME = "$(TARGET_NAME)";
				SWIFT_VERSION = 5.0;
				TARGETED_DEVICE_FAMILY = "1,2";
			};
			name = Release;
		};
/* End XCBuildConfiguration section */

/* Begin XCConfigurationList section */
		5E3CABC723E8A76B00A2891E /* Build configuration list for PBXProject "Connect+" */ = {
			isa = XCConfigurationList;
			buildConfigurations = (
				5E3CABDE23E8A76D00A2891E /* Debug */,
				5E3CABDF23E8A76D00A2891E /* Release */,
			);
			defaultConfigurationIsVisible = 0;
			defaultConfigurationName = Release;
		};
		5E3CABE023E8A76D00A2891E /* Build configuration list for PBXNativeTarget "Connect+" */ = {
			isa = XCConfigurationList;
			buildConfigurations = (
				5E3CABE123E8A76D00A2891E /* Debug */,
				5E3CABE223E8A76D00A2891E /* Release */,
			);
			defaultConfigurationIsVisible = 0;
			defaultConfigurationName = Release;
		};
/* End XCConfigurationList section */
	};
	rootObject = 5E3CABC423E8A76B00A2891E /* Project object */;
}
